
Microsoft Visual Studio Solution File, Format Version 12.00
# Visual Studio Version 17
VisualStudioVersion = 17.0.31903.59
MinimumVisualStudioVersion = 10.0.40219.1
Project("{2150E333-8FDC-42A3-9474-1A3956D46DE8}") = "src", "src", "{827E0CD3-B72D-47B6-A68D-7590B98EB39B}"
EndProject
Project("{FAE04EC0-301F-11D3-BF4B-00C04F79EFBC}") = "SimpleStock.Api", "src\SimpleStock.Api\SimpleStock.Api.csproj", "{FF7C65D9-996D-465E-9FD8-912E25049E06}"
EndProject
Project("{2150E333-8FDC-42A3-9474-1A3956D46DE8}") = "tests", "tests", "{0AB3BF05-4346-4AA6-1389-037BE0695223}"
EndProject
Project("{FAE04EC0-301F-11D3-BF4B-00C04F79EFBC}") = "SimpleStock.Tests", "tests\SimpleStock.Tests\SimpleStock.Tests.csproj", "{4B6A1576-9E63-47E8-A921-C48900F40DFF}"
EndProject
Project("{2150E333-8FDC-42A3-9474-1A3956D46DE8}") = "docs", "docs", "{02EA681E-C7D8-13C7-8484-4AC65E1B71E8}"
	ProjectSection(SolutionItems) = preProject
		docs\api-reference.md = docs\api-reference.md
	EndProjectSection
EndProject
Global
	GlobalSection(SolutionConfigurationPlatforms) = preSolution
		Debug|Any CPU = Debug|Any CPU
		Debug|x64 = Debug|x64
		Debug|x86 = Debug|x86
		Release|Any CPU = Release|Any CPU
		Release|x64 = Release|x64
		Release|x86 = Release|x86
	EndGlobalSection
	GlobalSection(ProjectConfigurationPlatforms) = postSolution
		{FF7C65D9-996D-465E-9FD8-912E25049E06}.Debug|Any CPU.ActiveCfg = Debug|Any CPU
		{FF7C65D9-996D-465E-9FD8-912E25049E06}.Debug|Any CPU.Build.0 = Debug|Any CPU
		{FF7C65D9-996D-465E-9FD8-912E25049E06}.Debug|x64.ActiveCfg = Debug|Any CPU
		{FF7C65D9-996D-465E-9FD8-912E25049E06}.Debug|x64.Build.0 = Debug|Any CPU
		{FF7C65D9-996D-465E-9FD8-912E25049E06}.Debug|x86.ActiveCfg = Debug|Any CPU
		{FF7C65D9-996D-465E-9FD8-912E25049E06}.Debug|x86.Build.0 = Debug|Any CPU
		{FF7C65D9-996D-465E-9FD8-912E25049E06}.Release|Any CPU.ActiveCfg = Release|Any CPU
		{FF7C65D9-996D-465E-9FD8-912E25049E06}.Release|Any CPU.Build.0 = Release|Any CPU
		{FF7C65D9-996D-465E-9FD8-912E25049E06}.Release|x64.ActiveCfg = Release|Any CPU
		{FF7C65D9-996D-465E-9FD8-912E25049E06}.Release|x64.Build.0 = Release|Any CPU
		{FF7C65D9-996D-465E-9FD8-912E25049E06}.Release|x86.ActiveCfg = Release|Any CPU
		{FF7C65D9-996D-465E-9FD8-912E25049E06}.Release|x86.Build.0 = Release|Any CPU
		{4B6A1576-9E63-47E8-A921-C48900F40DFF}.Debug|Any CPU.ActiveCfg = Debug|Any CPU
		{4B6A1576-9E63-47E8-A921-C48900F40DFF}.Debug|Any CPU.Build.0 = Debug|Any CPU
		{4B6A1576-9E63-47E8-A921-C48900F40DFF}.Debug|x64.ActiveCfg = Debug|Any CPU
		{4B6A1576-9E63-47E8-A921-C48900F40DFF}.Debug|x64.Build.0 = Debug|Any CPU
		{4B6A1576-9E63-47E8-A921-C48900F40DFF}.Debug|x86.ActiveCfg = Debug|Any CPU
		{4B6A1576-9E63-47E8-A921-C48900F40DFF}.Debug|x86.Build.0 = Debug|Any CPU
		{4B6A1576-9E63-47E8-A921-C48900F40DFF}.Release|Any CPU.ActiveCfg = Release|Any CPU
		{4B6A1576-9E63-47E8-A921-C48900F40DFF}.Release|Any CPU.Build.0 = Release|Any CPU
		{4B6A1576-9E63-47E8-A921-C48900F40DFF}.Release|x64.ActiveCfg = Release|Any CPU
		{4B6A1576-9E63-47E8-A921-C48900F40DFF}.Release|x64.Build.0 = Release|Any CPU
		{4B6A1576-9E63-47E8-A921-C48900F40DFF}.Release|x86.ActiveCfg = Release|Any CPU
		{4B6A1576-9E63-47E8-A921-C48900F40DFF}.Release|x86.Build.0 = Release|Any CPU
	EndGlobalSection
	GlobalSection(SolutionProperties) = preSolution
		HideSolutionNode = FALSE
	EndGlobalSection
	GlobalSection(NestedProjects) = preSolution
		{FF7C65D9-996D-465E-9FD8-912E25049E06} = {827E0CD3-B72D-47B6-A68D-7590B98EB39B}
		{4B6A1576-9E63-47E8-A921-C48900F40DFF} = {0AB3BF05-4346-4AA6-1389-037BE0695223}
	EndGlobalSection
	GlobalSection(ExtensibilityGlobals) = postSolution
		SolutionGuid = {83D7238A-D0B9-46E7-9936-4BFDA995539E}
	EndGlobalSection
EndGlobal
